
Microsoft Visual Studio Solution File, Format Version 12.00
# Visual Studio 15
VisualStudioVersion = 15.0.27703.1
MinimumVisualStudioVersion = 10.0.40219.1
Project("{FAE04EC0-301F-11D3-BF4B-00C04F79EFBC}") = "Caelum.Blog.Curso", "Caelum.Blog.Curso\Caelum.Blog.Curso.csproj", "{E0181FCF-B708-4530-BCF9-12C8E9BDDB16}"
EndProject
Project("{2150E333-8FDC-42A3-9474-1A3956D46DE8}") = "Core", "Core", "{E1DF4BF5-EF01-4073-95ED-880BBBEB7DDA}"
EndProject
Project("{9A19103F-16F7-4668-BE54-9A1E7A4F7556}") = "Caelum.Blog.PrimeiraAppWeb", "Caelum.Blog.PrimeiraAppWeb\Caelum.Blog.PrimeiraAppWeb.csproj", "{D7AB1A6C-4A24-48EA-9656-7704F18268FF}"
EndProject
Project("{FAE04EC0-301F-11D3-BF4B-00C04F79EFBC}") = "Caelum.Blog.PrimeiraApp", "Caelum.Blog.PrimeiraApp\Caelum.Blog.PrimeiraApp.csproj", "{90B7D337-20B2-4BB6-88C0-19D80C2148C9}"
EndProject
Project("{FAE04EC0-301F-11D3-BF4B-00C04F79EFBC}") = "WebApplication1", "WebApplication1\WebApplication1.csproj", "{38B6342C-E65D-44AF-93D2-DC87A09AE42A}"
EndProject
Global
	GlobalSection(SolutionConfigurationPlatforms) = preSolution
		Debug|Any CPU = Debug|Any CPU
		Release|Any CPU = Release|Any CPU
	EndGlobalSection
	GlobalSection(ProjectConfigurationPlatforms) = postSolution
		{E0181FCF-B708-4530-BCF9-12C8E9BDDB16}.Debug|Any CPU.ActiveCfg = Debug|Any CPU
		{E0181FCF-B708-4530-BCF9-12C8E9BDDB16}.Debug|Any CPU.Build.0 = Debug|Any CPU
		{E0181FCF-B708-4530-BCF9-12C8E9BDDB16}.Release|Any CPU.ActiveCfg = Release|Any CPU
		{E0181FCF-B708-4530-BCF9-12C8E9BDDB16}.Release|Any CPU.Build.0 = Release|Any CPU
		{D7AB1A6C-4A24-48EA-9656-7704F18268FF}.Debug|Any CPU.ActiveCfg = Debug|Any CPU
		{D7AB1A6C-4A24-48EA-9656-7704F18268FF}.Debug|Any CPU.Build.0 = Debug|Any CPU
		{D7AB1A6C-4A24-48EA-9656-7704F18268FF}.Release|Any CPU.ActiveCfg = Release|Any CPU
		{D7AB1A6C-4A24-48EA-9656-7704F18268FF}.Release|Any CPU.Build.0 = Release|Any CPU
		{90B7D337-20B2-4BB6-88C0-19D80C2148C9}.Debug|Any CPU.ActiveCfg = Debug|Any CPU
		{90B7D337-20B2-4BB6-88C0-19D80C2148C9}.Debug|Any CPU.Build.0 = Debug|Any CPU
		{90B7D337-20B2-4BB6-88C0-19D80C2148C9}.Release|Any CPU.ActiveCfg = Release|Any CPU
		{90B7D337-20B2-4BB6-88C0-19D80C2148C9}.Release|Any CPU.Build.0 = Release|Any CPU
		{38B6342C-E65D-44AF-93D2-DC87A09AE42A}.Debug|Any CPU.ActiveCfg = Debug|Any CPU
		{38B6342C-E65D-44AF-93D2-DC87A09AE42A}.Debug|Any CPU.Build.0 = Debug|Any CPU
		{38B6342C-E65D-44AF-93D2-DC87A09AE42A}.Release|Any CPU.ActiveCfg = Release|Any CPU
		{38B6342C-E65D-44AF-93D2-DC87A09AE42A}.Release|Any CPU.Build.0 = Release|Any CPU
	EndGlobalSection
	GlobalSection(SolutionProperties) = preSolution
		HideSolutionNode = FALSE
	EndGlobalSection
	GlobalSection(NestedProjects) = preSolution
		{D7AB1A6C-4A24-48EA-9656-7704F18268FF} = {E1DF4BF5-EF01-4073-95ED-880BBBEB7DDA}
	EndGlobalSection
	GlobalSection(ExtensibilityGlobals) = postSolution
		SolutionGuid = {7DDA7AE9-0D4F-4415-9990-AEEF50BD5D0D}
	EndGlobalSection
EndGlobal
